
Microsoft Visual Studio Solution File, Format Version 12.00
# Visual Studio Version 16
VisualStudioVersion = 16.0.30621.155
MinimumVisualStudioVersion = 10.0.40219.1
Project("{FAE04EC0-301F-11D3-BF4B-00C04F79EFBC}") = "Exercicio1", "Exercicio1\Exercicio1.csproj", "{6AAC7100-D39B-42A5-8CA5-3A3C8B0B01A6}"
EndProject
Global
	GlobalSection(SolutionConfigurationPlatforms) = preSolution
		Debug|Any CPU = Debug|Any CPU
		Release|Any CPU = Release|Any CPU
	EndGlobalSection
	GlobalSection(ProjectConfigurationPlatforms) = postSolution
		{6AAC7100-D39B-42A5-8CA5-3A3C8B0B01A6}.Debug|Any CPU.ActiveCfg = Debug|Any CPU
		{6AAC7100-D39B-42A5-8CA5-3A3C8B0B01A6}.Debug|Any CPU.Build.0 = Debug|Any CPU
		{6AAC7100-D39B-42A5-8CA5-3A3C8B0B01A6}.Release|Any CPU.ActiveCfg = Release|Any CPU
		{6AAC7100-D39B-42A5-8CA5-3A3C8B0B01A6}.Release|Any CPU.Build.0 = Release|Any CPU
	EndGlobalSection
	GlobalSection(SolutionProperties) = preSolution
		HideSolutionNode = FALSE
	EndGlobalSection
	GlobalSection(ExtensibilityGlobals) = postSolution
		SolutionGuid = {675A9476-EA1E-43C4-B3AA-140C9E3A8F6E}
	EndGlobalSection
EndGlobal
